<Solution>
  <Folder Name="/Src/">
    <Project Path="Domain/Domain.csproj" />
    <Project Path="Src/API/API.csproj" />
    <Project Path="Src/Application/Application.csproj" />
    <Project Path="Src/Infrastructure/Infrastructure.csproj" />
    <Project Path="Src/Persistence/Persistence.csproj" />
  </Folder>
  <Folder Name="/Test/" />
</Solution>
